// !$*UTF8*$!
{
	archiveVersion = 1;
	classes = {
	};
	objectVersion = 56;
	objects = {

/* Begin PBXBuildFile section */
		498013C8555281CC1B1B4FE3 /* Pods_CheckYourTask.framework in Frameworks */ = {isa = PBXBuildFile; fileRef = C8CE6CF0FE5499169C0B890C /* Pods_CheckYourTask.framework */; };
		FA132D7D2A3FA9E1007F380A /* SettingsView.swift in Sources */ = {isa = PBXBuildFile; fileRef = FA132D7C2A3FA9E1007F380A /* SettingsView.swift */; };
		FA132D7F2A3FA9F0007F380A /* SettingViewController.swift in Sources */ = {isa = PBXBuildFile; fileRef = FA132D7E2A3FA9F0007F380A /* SettingViewController.swift */; };
		FA132D812A3FAA42007F380A /* ThemeCollectionViewCell.swift in Sources */ = {isa = PBXBuildFile; fileRef = FA132D802A3FAA42007F380A /* ThemeCollectionViewCell.swift */; };
		FA132D832A3FAA50007F380A /* ThemeData.swift in Sources */ = {isa = PBXBuildFile; fileRef = FA132D822A3FAA50007F380A /* ThemeData.swift */; };
		FA1F6DDB2A52E780009332A5 /* DataBaseHelper.swift in Sources */ = {isa = PBXBuildFile; fileRef = FA1F6DDA2A52E780009332A5 /* DataBaseHelper.swift */; };
		FA48D58E2A3A3451008C99EF /* AddTaskView.swift in Sources */ = {isa = PBXBuildFile; fileRef = FA48D58D2A3A3451008C99EF /* AddTaskView.swift */; };
		FA611A7B2A011B0A0080A3E4 /* AppDelegate.swift in Sources */ = {isa = PBXBuildFile; fileRef = FA611A7A2A011B0A0080A3E4 /* AppDelegate.swift */; };
		FA611A7D2A011B0A0080A3E4 /* SceneDelegate.swift in Sources */ = {isa = PBXBuildFile; fileRef = FA611A7C2A011B0A0080A3E4 /* SceneDelegate.swift */; };
		FA611A7F2A011B0A0080A3E4 /* TasksViewController.swift in Sources */ = {isa = PBXBuildFile; fileRef = FA611A7E2A011B0A0080A3E4 /* TasksViewController.swift */; };
		FA611A852A011B0A0080A3E4 /* CheckYourTask.xcdatamodeld in Sources */ = {isa = PBXBuildFile; fileRef = FA611A832A011B0A0080A3E4 /* CheckYourTask.xcdatamodeld */; };
		FA611A872A011B0B0080A3E4 /* Assets.xcassets in Resources */ = {isa = PBXBuildFile; fileRef = FA611A862A011B0B0080A3E4 /* Assets.xcassets */; };
		FA611A8A2A011B0B0080A3E4 /* LaunchScreen.storyboard in Resources */ = {isa = PBXBuildFile; fileRef = FA611A882A011B0B0080A3E4 /* LaunchScreen.storyboard */; };
		FA9CB56A2A23E2F5000B8B21 /* AddTaskViewController.swift in Sources */ = {isa = PBXBuildFile; fileRef = FA9CB5692A23E2F5000B8B21 /* AddTaskViewController.swift */; };
		FAA7AC662A3A8050000367D5 /* DetailedView.swift in Sources */ = {isa = PBXBuildFile; fileRef = FAA7AC652A3A8050000367D5 /* DetailedView.swift */; };
		FAADCDD12A169F6200FD51C1 /* TaskView.swift in Sources */ = {isa = PBXBuildFile; fileRef = FAADCDD02A169F6200FD51C1 /* TaskView.swift */; };
		FAADCDD72A23AE6F00FD51C1 /* TaskTableViewCell.swift in Sources */ = {isa = PBXBuildFile; fileRef = FAADCDD62A23AE6F00FD51C1 /* TaskTableViewCell.swift */; };
		FAC511DF2A517D180099DFFC /* HomeStrings.swift in Sources */ = {isa = PBXBuildFile; fileRef = FAC511DE2A517D180099DFFC /* HomeStrings.swift */; };
		FAC511E22A517D550099DFFC /* Localizable.strings in Resources */ = {isa = PBXBuildFile; fileRef = FAC511E42A517D550099DFFC /* Localizable.strings */; };
		FADB345F2A34A010003AD8ED /* DetailedViewController.swift in Sources */ = {isa = PBXBuildFile; fileRef = FADB345E2A34A010003AD8ED /* DetailedViewController.swift */; };
		FAE608922A44632E005AA48E /* ThemeManager.swift in Sources */ = {isa = PBXBuildFile; fileRef = FAE608912A44632E005AA48E /* ThemeManager.swift */; };
/* End PBXBuildFile section */

/* Begin PBXFileReference section */
		0ACBA0AEE59746DCA82AEF4E /* Pods-CheckYourTask.debug.xcconfig */ = {isa = PBXFileReference; includeInIndex = 1; lastKnownFileType = text.xcconfig; name = "Pods-CheckYourTask.debug.xcconfig"; path = "Target Support Files/Pods-CheckYourTask/Pods-CheckYourTask.debug.xcconfig"; sourceTree = "<group>"; };
		A3D1769E9365B8599DC41D09 /* Pods-CheckYourTask.release.xcconfig */ = {isa = PBXFileReference; includeInIndex = 1; lastKnownFileType = text.xcconfig; name = "Pods-CheckYourTask.release.xcconfig"; path = "Target Support Files/Pods-CheckYourTask/Pods-CheckYourTask.release.xcconfig"; sourceTree = "<group>"; };
		C8CE6CF0FE5499169C0B890C /* Pods_CheckYourTask.framework */ = {isa = PBXFileReference; explicitFileType = wrapper.framework; includeInIndex = 0; path = Pods_CheckYourTask.framework; sourceTree = BUILT_PRODUCTS_DIR; };
		FA132D7C2A3FA9E1007F380A /* SettingsView.swift */ = {isa = PBXFileReference; fileEncoding = 4; lastKnownFileType = sourcecode.swift; path = SettingsView.swift; sourceTree = "<group>"; };
		FA132D7E2A3FA9F0007F380A /* SettingViewController.swift */ = {isa = PBXFileReference; fileEncoding = 4; lastKnownFileType = sourcecode.swift; path = SettingViewController.swift; sourceTree = "<group>"; };
		FA132D802A3FAA42007F380A /* ThemeCollectionViewCell.swift */ = {isa = PBXFileReference; fileEncoding = 4; lastKnownFileType = sourcecode.swift; path = ThemeCollectionViewCell.swift; sourceTree = "<group>"; };
		FA132D822A3FAA50007F380A /* ThemeData.swift */ = {isa = PBXFileReference; fileEncoding = 4; lastKnownFileType = sourcecode.swift; path = ThemeData.swift; sourceTree = "<group>"; };
		FA1F6DDA2A52E780009332A5 /* DataBaseHelper.swift */ = {isa = PBXFileReference; fileEncoding = 4; lastKnownFileType = sourcecode.swift; path = DataBaseHelper.swift; sourceTree = "<group>"; };
		FA48D58D2A3A3451008C99EF /* AddTaskView.swift */ = {isa = PBXFileReference; fileEncoding = 4; lastKnownFileType = sourcecode.swift; path = AddTaskView.swift; sourceTree = "<group>"; };
		FA611A772A011B0A0080A3E4 /* CheckYourTask.app */ = {isa = PBXFileReference; explicitFileType = wrapper.application; includeInIndex = 0; path = CheckYourTask.app; sourceTree = BUILT_PRODUCTS_DIR; };
		FA611A7A2A011B0A0080A3E4 /* AppDelegate.swift */ = {isa = PBXFileReference; lastKnownFileType = sourcecode.swift; path = AppDelegate.swift; sourceTree = "<group>"; };
		FA611A7C2A011B0A0080A3E4 /* SceneDelegate.swift */ = {isa = PBXFileReference; lastKnownFileType = sourcecode.swift; path = SceneDelegate.swift; sourceTree = "<group>"; };
		FA611A7E2A011B0A0080A3E4 /* TasksViewController.swift */ = {isa = PBXFileReference; lastKnownFileType = sourcecode.swift; path = TasksViewController.swift; sourceTree = "<group>"; };
		FA611A842A011B0A0080A3E4 /* CheckYourTask.xcdatamodel */ = {isa = PBXFileReference; lastKnownFileType = wrapper.xcdatamodel; path = CheckYourTask.xcdatamodel; sourceTree = "<group>"; };
		FA611A862A011B0B0080A3E4 /* Assets.xcassets */ = {isa = PBXFileReference; lastKnownFileType = folder.assetcatalog; path = Assets.xcassets; sourceTree = "<group>"; };
		FA611A892A011B0B0080A3E4 /* Base */ = {isa = PBXFileReference; lastKnownFileType = file.storyboard; name = Base; path = Base.lproj/LaunchScreen.storyboard; sourceTree = "<group>"; };
		FA611A8B2A011B0B0080A3E4 /* Info.plist */ = {isa = PBXFileReference; lastKnownFileType = text.plist.xml; path = Info.plist; sourceTree = "<group>"; };
		FA9CB5692A23E2F5000B8B21 /* AddTaskViewController.swift */ = {isa = PBXFileReference; fileEncoding = 4; lastKnownFileType = sourcecode.swift; path = AddTaskViewController.swift; sourceTree = "<group>"; };
		FAA7AC652A3A8050000367D5 /* DetailedView.swift */ = {isa = PBXFileReference; fileEncoding = 4; lastKnownFileType = sourcecode.swift; path = DetailedView.swift; sourceTree = "<group>"; };
		FAADCDD02A169F6200FD51C1 /* TaskView.swift */ = {isa = PBXFileReference; fileEncoding = 4; lastKnownFileType = sourcecode.swift; path = TaskView.swift; sourceTree = "<group>"; };
		FAADCDD62A23AE6F00FD51C1 /* TaskTableViewCell.swift */ = {isa = PBXFileReference; fileEncoding = 4; lastKnownFileType = sourcecode.swift; path = TaskTableViewCell.swift; sourceTree = "<group>"; };
		FAC511DE2A517D180099DFFC /* HomeStrings.swift */ = {isa = PBXFileReference; lastKnownFileType = sourcecode.swift; path = HomeStrings.swift; sourceTree = "<group>"; };
		FAC511E32A517D550099DFFC /* en */ = {isa = PBXFileReference; lastKnownFileType = text.plist.strings; name = en; path = en.lproj/Localizable.strings; sourceTree = "<group>"; };
		FAC511E52A517D7A0099DFFC /* uk */ = {isa = PBXFileReference; lastKnownFileType = text.plist.strings; name = uk; path = uk.lproj/Localizable.strings; sourceTree = "<group>"; };
		FADB345E2A34A010003AD8ED /* DetailedViewController.swift */ = {isa = PBXFileReference; fileEncoding = 4; lastKnownFileType = sourcecode.swift; path = DetailedViewController.swift; sourceTree = "<group>"; };
		FAE608912A44632E005AA48E /* ThemeManager.swift */ = {isa = PBXFileReference; fileEncoding = 4; lastKnownFileType = sourcecode.swift; path = ThemeManager.swift; sourceTree = "<group>"; };
/* End PBXFileReference section */

/* Begin PBXFrameworksBuildPhase section */
		FA611A742A011B0A0080A3E4 /* Frameworks */ = {
			isa = PBXFrameworksBuildPhase;
			buildActionMask = 2147483647;
			files = (
				498013C8555281CC1B1B4FE3 /* Pods_CheckYourTask.framework in Frameworks */,
			);
			runOnlyForDeploymentPostprocessing = 0;
		};
/* End PBXFrameworksBuildPhase section */

/* Begin PBXGroup section */
		28ED3FF55C5556422E0C719A /* Frameworks */ = {
			isa = PBXGroup;
			children = (
				C8CE6CF0FE5499169C0B890C /* Pods_CheckYourTask.framework */,
			);
			name = Frameworks;
			sourceTree = "<group>";
		};
		558891F605E3099131A07B42 /* Pods */ = {
			isa = PBXGroup;
			children = (
				0ACBA0AEE59746DCA82AEF4E /* Pods-CheckYourTask.debug.xcconfig */,
				A3D1769E9365B8599DC41D09 /* Pods-CheckYourTask.release.xcconfig */,
			);
			path = Pods;
			sourceTree = "<group>";
		};
		FA48D58C2A3A342B008C99EF /* Cell */ = {
			isa = PBXGroup;
			children = (
				FAADCDD62A23AE6F00FD51C1 /* TaskTableViewCell.swift */,
				FA132D802A3FAA42007F380A /* ThemeCollectionViewCell.swift */,
			);
			path = Cell;
			sourceTree = "<group>";
		};
		FA611A6E2A011B0A0080A3E4 = {
			isa = PBXGroup;
			children = (
				FA611A792A011B0A0080A3E4 /* CheckYourTask */,
				FA611A782A011B0A0080A3E4 /* Products */,
				558891F605E3099131A07B42 /* Pods */,
				28ED3FF55C5556422E0C719A /* Frameworks */,
			);
			sourceTree = "<group>";
		};
		FA611A782A011B0A0080A3E4 /* Products */ = {
			isa = PBXGroup;
			children = (
				FA611A772A011B0A0080A3E4 /* CheckYourTask.app */,
			);
			name = Products;
			sourceTree = "<group>";
		};
		FA611A792A011B0A0080A3E4 /* CheckYourTask */ = {
			isa = PBXGroup;
			children = (
				FA611A7A2A011B0A0080A3E4 /* AppDelegate.swift */,
				FA611A7C2A011B0A0080A3E4 /* SceneDelegate.swift */,
				FAC511DD2A517CF10099DFFC /* Localizables */,
				FA611A912A0120CF0080A3E4 /* Model */,
				FA611A922A0120DC0080A3E4 /* View */,
				FA611A932A0120E50080A3E4 /* Controller */,
				FA611A862A011B0B0080A3E4 /* Assets.xcassets */,
				FA611A882A011B0B0080A3E4 /* LaunchScreen.storyboard */,
				FA611A8B2A011B0B0080A3E4 /* Info.plist */,
			);
			path = CheckYourTask;
			sourceTree = "<group>";
		};
		FA611A912A0120CF0080A3E4 /* Model */ = {
			isa = PBXGroup;
			children = (
				FA611A832A011B0A0080A3E4 /* CheckYourTask.xcdatamodeld */,
				FA132D822A3FAA50007F380A /* ThemeData.swift */,
				FAE608912A44632E005AA48E /* ThemeManager.swift */,
				FA1F6DDA2A52E780009332A5 /* DataBaseHelper.swift */,
			);
			path = Model;
			sourceTree = "<group>";
		};
		FA611A922A0120DC0080A3E4 /* View */ = {
			isa = PBXGroup;
			children = (
				FAADCDD02A169F6200FD51C1 /* TaskView.swift */,
				FA48D58D2A3A3451008C99EF /* AddTaskView.swift */,
				FAA7AC652A3A8050000367D5 /* DetailedView.swift */,
				FA132D7C2A3FA9E1007F380A /* SettingsView.swift */,
				FA48D58C2A3A342B008C99EF /* Cell */,
			);
			path = View;
			sourceTree = "<group>";
		};
		FA611A932A0120E50080A3E4 /* Controller */ = {
			isa = PBXGroup;
			children = (
				FA611A7E2A011B0A0080A3E4 /* TasksViewController.swift */,
				FA9CB5692A23E2F5000B8B21 /* AddTaskViewController.swift */,
				FADB345E2A34A010003AD8ED /* DetailedViewController.swift */,
				FA132D7E2A3FA9F0007F380A /* SettingViewController.swift */,
			);
			path = Controller;
			sourceTree = "<group>";
		};
		FAC511DD2A517CF10099DFFC /* Localizables */ = {
			isa = PBXGroup;
			children = (
				FAC511DE2A517D180099DFFC /* HomeStrings.swift */,
				FAC511E42A517D550099DFFC /* Localizable.strings */,
			);
			path = Localizables;
			sourceTree = "<group>";
		};
/* End PBXGroup section */

/* Begin PBXNativeTarget section */
		FA611A762A011B0A0080A3E4 /* CheckYourTask */ = {
			isa = PBXNativeTarget;
			buildConfigurationList = FA611A8E2A011B0B0080A3E4 /* Build configuration list for PBXNativeTarget "CheckYourTask" */;
			buildPhases = (
				5D13FBC579D5BEA94076768C /* [CP] Check Pods Manifest.lock */,
				FA611A732A011B0A0080A3E4 /* Sources */,
				FA611A742A011B0A0080A3E4 /* Frameworks */,
				FA611A752A011B0A0080A3E4 /* Resources */,
				9751E7C37AF992502C3D0260 /* [CP] Embed Pods Frameworks */,
			);
			buildRules = (
			);
			dependencies = (
			);
			name = CheckYourTask;
			productName = CheckYourTask;
			productReference = FA611A772A011B0A0080A3E4 /* CheckYourTask.app */;
			productType = "com.apple.product-type.application";
		};
/* End PBXNativeTarget section */

/* Begin PBXProject section */
		FA611A6F2A011B0A0080A3E4 /* Project object */ = {
			isa = PBXProject;
			attributes = {
				BuildIndependentTargetsInParallel = 1;
				LastSwiftUpdateCheck = 1430;
				LastUpgradeCheck = 1430;
				TargetAttributes = {
					FA611A762A011B0A0080A3E4 = {
						CreatedOnToolsVersion = 14.3;
					};
				};
			};
			buildConfigurationList = FA611A722A011B0A0080A3E4 /* Build configuration list for PBXProject "CheckYourTask" */;
			compatibilityVersion = "Xcode 14.0";
			developmentRegion = en;
			hasScannedForEncodings = 0;
			knownRegions = (
				en,
				Base,
				uk,
			);
			mainGroup = FA611A6E2A011B0A0080A3E4;
			productRefGroup = FA611A782A011B0A0080A3E4 /* Products */;
			projectDirPath = "";
			projectRoot = "";
			targets = (
				FA611A762A011B0A0080A3E4 /* CheckYourTask */,
			);
		};
/* End PBXProject section */

/* Begin PBXResourcesBuildPhase section */
		FA611A752A011B0A0080A3E4 /* Resources */ = {
			isa = PBXResourcesBuildPhase;
			buildActionMask = 2147483647;
			files = (
				FA611A8A2A011B0B0080A3E4 /* LaunchScreen.storyboard in Resources */,
				FAC511E22A517D550099DFFC /* Localizable.strings in Resources */,
				FA611A872A011B0B0080A3E4 /* Assets.xcassets in Resources */,
			);
			runOnlyForDeploymentPostprocessing = 0;
		};
/* End PBXResourcesBuildPhase section */

/* Begin PBXShellScriptBuildPhase section */
		5D13FBC579D5BEA94076768C /* [CP] Check Pods Manifest.lock */ = {
			isa = PBXShellScriptBuildPhase;
			buildActionMask = 2147483647;
			files = (
			);
			inputFileListPaths = (
			);
			inputPaths = (
				"${PODS_PODFILE_DIR_PATH}/Podfile.lock",
				"${PODS_ROOT}/Manifest.lock",
			);
			name = "[CP] Check Pods Manifest.lock";
			outputFileListPaths = (
			);
			outputPaths = (
				"$(DERIVED_FILE_DIR)/Pods-CheckYourTask-checkManifestLockResult.txt",
			);
			runOnlyForDeploymentPostprocessing = 0;
			shellPath = /bin/sh;
			shellScript = "diff \"${PODS_PODFILE_DIR_PATH}/Podfile.lock\" \"${PODS_ROOT}/Manifest.lock\" > /dev/null\nif [ $? != 0 ] ; then\n    # print error to STDERR\n    echo \"error: The sandbox is not in sync with the Podfile.lock. Run 'pod install' or update your CocoaPods installation.\" >&2\n    exit 1\nfi\n# This output is used by Xcode 'outputs' to avoid re-running this script phase.\necho \"SUCCESS\" > \"${SCRIPT_OUTPUT_FILE_0}\"\n";
			showEnvVarsInLog = 0;
		};
		9751E7C37AF992502C3D0260 /* [CP] Embed Pods Frameworks */ = {
			isa = PBXShellScriptBuildPhase;
			buildActionMask = 2147483647;
			files = (
			);
			inputFileListPaths = (
				"${PODS_ROOT}/Target Support Files/Pods-CheckYourTask/Pods-CheckYourTask-frameworks-${CONFIGURATION}-input-files.xcfilelist",
			);
			name = "[CP] Embed Pods Frameworks";
			outputFileListPaths = (
				"${PODS_ROOT}/Target Support Files/Pods-CheckYourTask/Pods-CheckYourTask-frameworks-${CONFIGURATION}-output-files.xcfilelist",
			);
			runOnlyForDeploymentPostprocessing = 0;
			shellPath = /bin/sh;
			shellScript = "\"${PODS_ROOT}/Target Support Files/Pods-CheckYourTask/Pods-CheckYourTask-frameworks.sh\"\n";
			showEnvVarsInLog = 0;
		};
/* End PBXShellScriptBuildPhase section */

/* Begin PBXSourcesBuildPhase section */
		FA611A732A011B0A0080A3E4 /* Sources */ = {
			isa = PBXSourcesBuildPhase;
			buildActionMask = 2147483647;
			files = (
				FA1F6DDB2A52E780009332A5 /* DataBaseHelper.swift in Sources */,
				FA132D812A3FAA42007F380A /* ThemeCollectionViewCell.swift in Sources */,
				FAADCDD72A23AE6F00FD51C1 /* TaskTableViewCell.swift in Sources */,
				FAE608922A44632E005AA48E /* ThemeManager.swift in Sources */,
				FA9CB56A2A23E2F5000B8B21 /* AddTaskViewController.swift in Sources */,
				FAA7AC662A3A8050000367D5 /* DetailedView.swift in Sources */,
				FADB345F2A34A010003AD8ED /* DetailedViewController.swift in Sources */,
				FA48D58E2A3A3451008C99EF /* AddTaskView.swift in Sources */,
				FA611A7F2A011B0A0080A3E4 /* TasksViewController.swift in Sources */,
				FA611A7B2A011B0A0080A3E4 /* AppDelegate.swift in Sources */,
				FAADCDD12A169F6200FD51C1 /* TaskView.swift in Sources */,
				FA132D832A3FAA50007F380A /* ThemeData.swift in Sources */,
				FA611A852A011B0A0080A3E4 /* CheckYourTask.xcdatamodeld in Sources */,
				FA611A7D2A011B0A0080A3E4 /* SceneDelegate.swift in Sources */,
				FA132D7D2A3FA9E1007F380A /* SettingsView.swift in Sources */,
				FA132D7F2A3FA9F0007F380A /* SettingViewController.swift in Sources */,
				FAC511DF2A517D180099DFFC /* HomeStrings.swift in Sources */,
			);
			runOnlyForDeploymentPostprocessing = 0;
		};
/* End PBXSourcesBuildPhase section */

/* Begin PBXVariantGroup section */
		FA611A882A011B0B0080A3E4 /* LaunchScreen.storyboard */ = {
			isa = PBXVariantGroup;
			children = (
				FA611A892A011B0B0080A3E4 /* Base */,
			);
			name = LaunchScreen.storyboard;
			sourceTree = "<group>";
		};
		FAC511E42A517D550099DFFC /* Localizable.strings */ = {
			isa = PBXVariantGroup;
			children = (
				FAC511E32A517D550099DFFC /* en */,
				FAC511E52A517D7A0099DFFC /* uk */,
			);
			name = Localizable.strings;
			sourceTree = "<group>";
		};
/* End PBXVariantGroup section */

/* Begin XCBuildConfiguration section */
		FA611A8C2A011B0B0080A3E4 /* Debug */ = {
			isa = XCBuildConfiguration;
			buildSettings = {
				ALWAYS_SEARCH_USER_PATHS = NO;
				CLANG_ANALYZER_LOCALIZABILITY_NONLOCALIZED = YES;
				CLANG_ANALYZER_NONNULL = YES;
				CLANG_ANALYZER_NUMBER_OBJECT_CONVERSION = YES_AGGRESSIVE;
				CLANG_CXX_LANGUAGE_STANDARD = "gnu++20";
				CLANG_ENABLE_MODULES = YES;
				CLANG_ENABLE_OBJC_ARC = YES;
				CLANG_ENABLE_OBJC_WEAK = YES;
				CLANG_WARN_BLOCK_CAPTURE_AUTORELEASING = YES;
				CLANG_WARN_BOOL_CONVERSION = YES;
				CLANG_WARN_COMMA = YES;
				CLANG_WARN_CONSTANT_CONVERSION = YES;
				CLANG_WARN_DEPRECATED_OBJC_IMPLEMENTATIONS = YES;
				CLANG_WARN_DIRECT_OBJC_ISA_USAGE = YES_ERROR;
				CLANG_WARN_DOCUMENTATION_COMMENTS = YES;
				CLANG_WARN_EMPTY_BODY = YES;
				CLANG_WARN_ENUM_CONVERSION = YES;
				CLANG_WARN_INFINITE_RECURSION = YES;
				CLANG_WARN_INT_CONVERSION = YES;
				CLANG_WARN_NON_LITERAL_NULL_CONVERSION = YES;
				CLANG_WARN_OBJC_IMPLICIT_RETAIN_SELF = YES;
				CLANG_WARN_OBJC_LITERAL_CONVERSION = YES;
				CLANG_WARN_OBJC_ROOT_CLASS = YES_ERROR;
				CLANG_WARN_QUOTED_INCLUDE_IN_FRAMEWORK_HEADER = YES;
				CLANG_WARN_RANGE_LOOP_ANALYSIS = YES;
				CLANG_WARN_STRICT_PROTOTYPES = YES;
				CLANG_WARN_SUSPICIOUS_MOVE = YES;
				CLANG_WARN_UNGUARDED_AVAILABILITY = YES_AGGRESSIVE;
				CLANG_WARN_UNREACHABLE_CODE = YES;
				CLANG_WARN__DUPLICATE_METHOD_MATCH = YES;
				COPY_PHASE_STRIP = NO;
				DEBUG_INFORMATION_FORMAT = dwarf;
				ENABLE_STRICT_OBJC_MSGSEND = YES;
				ENABLE_TESTABILITY = YES;
				GCC_C_LANGUAGE_STANDARD = gnu11;
				GCC_DYNAMIC_NO_PIC = NO;
				GCC_NO_COMMON_BLOCKS = YES;
				GCC_OPTIMIZATION_LEVEL = 0;
				GCC_PREPROCESSOR_DEFINITIONS = (
					"DEBUG=1",
					"$(inherited)",
				);
				GCC_WARN_64_TO_32_BIT_CONVERSION = YES;
				GCC_WARN_ABOUT_RETURN_TYPE = YES_ERROR;
				GCC_WARN_UNDECLARED_SELECTOR = YES;
				GCC_WARN_UNINITIALIZED_AUTOS = YES_AGGRESSIVE;
				GCC_WARN_UNUSED_FUNCTION = YES;
				GCC_WARN_UNUSED_VARIABLE = YES;
				IPHONEOS_DEPLOYMENT_TARGET = 16.0;
				MTL_ENABLE_DEBUG_INFO = INCLUDE_SOURCE;
				MTL_FAST_MATH = YES;
				ONLY_ACTIVE_ARCH = YES;
				SDKROOT = iphoneos;
				SWIFT_ACTIVE_COMPILATION_CONDITIONS = DEBUG;
				SWIFT_OPTIMIZATION_LEVEL = "-Onone";
			};
			name = Debug;
		};
		FA611A8D2A011B0B0080A3E4 /* Release */ = {
			isa = XCBuildConfiguration;
			buildSettings = {
				ALWAYS_SEARCH_USER_PATHS = NO;
				CLANG_ANALYZER_LOCALIZABILITY_NONLOCALIZED = YES;
				CLANG_ANALYZER_NONNULL = YES;
				CLANG_ANALYZER_NUMBER_OBJECT_CONVERSION = YES_AGGRESSIVE;
				CLANG_CXX_LANGUAGE_STANDARD = "gnu++20";
				CLANG_ENABLE_MODULES = YES;
				CLANG_ENABLE_OBJC_ARC = YES;
				CLANG_ENABLE_OBJC_WEAK = YES;
				CLANG_WARN_BLOCK_CAPTURE_AUTORELEASING = YES;
				CLANG_WARN_BOOL_CONVERSION = YES;
				CLANG_WARN_COMMA = YES;
				CLANG_WARN_CONSTANT_CONVERSION = YES;
				CLANG_WARN_DEPRECATED_OBJC_IMPLEMENTATIONS = YES;
				CLANG_WARN_DIRECT_OBJC_ISA_USAGE = YES_ERROR;
				CLANG_WARN_DOCUMENTATION_COMMENTS = YES;
				CLANG_WARN_EMPTY_BODY = YES;
				CLANG_WARN_ENUM_CONVERSION = YES;
				CLANG_WARN_INFINITE_RECURSION = YES;
				CLANG_WARN_INT_CONVERSION = YES;
				CLANG_WARN_NON_LITERAL_NULL_CONVERSION = YES;
				CLANG_WARN_OBJC_IMPLICIT_RETAIN_SELF = YES;
				CLANG_WARN_OBJC_LITERAL_CONVERSION = YES;
				CLANG_WARN_OBJC_ROOT_CLASS = YES_ERROR;
				CLANG_WARN_QUOTED_INCLUDE_IN_FRAMEWORK_HEADER = YES;
				CLANG_WARN_RANGE_LOOP_ANALYSIS = YES;
				CLANG_WARN_STRICT_PROTOTYPES = YES;
				CLANG_WARN_SUSPICIOUS_MOVE = YES;
				CLANG_WARN_UNGUARDED_AVAILABILITY = YES_AGGRESSIVE;
				CLANG_WARN_UNREACHABLE_CODE = YES;
				CLANG_WARN__DUPLICATE_METHOD_MATCH = YES;
				COPY_PHASE_STRIP = NO;
				DEBUG_INFORMATION_FORMAT = "dwarf-with-dsym";
				ENABLE_NS_ASSERTIONS = NO;
				ENABLE_STRICT_OBJC_MSGSEND = YES;
				GCC_C_LANGUAGE_STANDARD = gnu11;
				GCC_NO_COMMON_BLOCKS = YES;
				GCC_WARN_64_TO_32_BIT_CONVERSION = YES;
				GCC_WARN_ABOUT_RETURN_TYPE = YES_ERROR;
				GCC_WARN_UNDECLARED_SELECTOR = YES;
				GCC_WARN_UNINITIALIZED_AUTOS = YES_AGGRESSIVE;
				GCC_WARN_UNUSED_FUNCTION = YES;
				GCC_WARN_UNUSED_VARIABLE = YES;
				IPHONEOS_DEPLOYMENT_TARGET = 16.0;
				MTL_ENABLE_DEBUG_INFO = NO;
				MTL_FAST_MATH = YES;
				SDKROOT = iphoneos;
				SWIFT_COMPILATION_MODE = wholemodule;
				SWIFT_OPTIMIZATION_LEVEL = "-O";
				VALIDATE_PRODUCT = YES;
			};
			name = Release;
		};
		FA611A8F2A011B0B0080A3E4 /* Debug */ = {
			isa = XCBuildConfiguration;
			baseConfigurationReference = 0ACBA0AEE59746DCA82AEF4E /* Pods-CheckYourTask.debug.xcconfig */;
			buildSettings = {
				ASSETCATALOG_COMPILER_APPICON_NAME = AppIcon;
				ASSETCATALOG_COMPILER_GLOBAL_ACCENT_COLOR_NAME = AccentColor;
				CODE_SIGN_STYLE = Automatic;
				CURRENT_PROJECT_VERSION = 1;
				DEVELOPMENT_TEAM = C3FR263H69;
				GENERATE_INFOPLIST_FILE = YES;
				INFOPLIST_FILE = CheckYourTask/Info.plist;
				INFOPLIST_KEY_UIApplicationSupportsIndirectInputEvents = YES;
				INFOPLIST_KEY_UILaunchStoryboardName = LaunchScreen;
				INFOPLIST_KEY_UISupportedInterfaceOrientations = UIInterfaceOrientationPortrait;
				IPHONEOS_DEPLOYMENT_TARGET = 13.0;
				LD_RUNPATH_SEARCH_PATHS = (
					"$(inherited)",
					"@executable_path/Frameworks",
				);
				MARKETING_VERSION = 1.0;
				PRODUCT_BUNDLE_IDENTIFIER = com.ins.CheckYourTask;
				PRODUCT_NAME = "$(TARGET_NAME)";
				SWIFT_EMIT_LOC_STRINGS = YES;
				SWIFT_VERSION = 5.0;
				TARGETED_DEVICE_FAMILY = "1,2";
			};
			name = Debug;
		};
		FA611A902A011B0B0080A3E4 /* Release */ = {
			isa = XCBuildConfiguration;
			baseConfigurationReference = A3D1769E9365B8599DC41D09 /* Pods-CheckYourTask.release.xcconfig */;
			buildSettings = {
				ASSETCATALOG_COMPILER_APPICON_NAME = AppIcon;
				ASSETCATALOG_COMPILER_GLOBAL_ACCENT_COLOR_NAME = AccentColor;
				CODE_SIGN_STYLE = Automatic;
				CURRENT_PROJECT_VERSION = 1;
				DEVELOPMENT_TEAM = C3FR263H69;
				GENERATE_INFOPLIST_FILE = YES;
				INFOPLIST_FILE = CheckYourTask/Info.plist;
				INFOPLIST_KEY_UIApplicationSupportsIndirectInputEvents = YES;
				INFOPLIST_KEY_UILaunchStoryboardName = LaunchScreen;
				INFOPLIST_KEY_UISupportedInterfaceOrientations = UIInterfaceOrientationPortrait;
				IPHONEOS_DEPLOYMENT_TARGET = 13.0;
				LD_RUNPATH_SEARCH_PATHS = (
					"$(inherited)",
					"@executable_path/Frameworks",
				);
				MARKETING_VERSION = 1.0;
				PRODUCT_BUNDLE_IDENTIFIER = com.ins.CheckYourTask;
				PRODUCT_NAME = "$(TARGET_NAME)";
				SWIFT_EMIT_LOC_STRINGS = YES;
				SWIFT_VERSION = 5.0;
				TARGETED_DEVICE_FAMILY = "1,2";
			};
			name = Release;
		};
/* End XCBuildConfiguration section */

/* Begin XCConfigurationList section */
		FA611A722A011B0A0080A3E4 /* Build configuration list for PBXProject "CheckYourTask" */ = {
			isa = XCConfigurationList;
			buildConfigurations = (
				FA611A8C2A011B0B0080A3E4 /* Debug */,
				FA611A8D2A011B0B0080A3E4 /* Release */,
			);
			defaultConfigurationIsVisible = 0;
			defaultConfigurationName = Release;
		};
		FA611A8E2A011B0B0080A3E4 /* Build configuration list for PBXNativeTarget "CheckYourTask" */ = {
			isa = XCConfigurationList;
			buildConfigurations = (
				FA611A8F2A011B0B0080A3E4 /* Debug */,
				FA611A902A011B0B0080A3E4 /* Release */,
			);
			defaultConfigurationIsVisible = 0;
			defaultConfigurationName = Release;
		};
/* End XCConfigurationList section */

/* Begin XCVersionGroup section */
		FA611A832A011B0A0080A3E4 /* CheckYourTask.xcdatamodeld */ = {
			isa = XCVersionGroup;
			children = (
				FA611A842A011B0A0080A3E4 /* CheckYourTask.xcdatamodel */,
			);
			currentVersion = FA611A842A011B0A0080A3E4 /* CheckYourTask.xcdatamodel */;
			path = CheckYourTask.xcdatamodeld;
			sourceTree = "<group>";
			versionGroupType = wrapper.xcdatamodel;
		};
/* End XCVersionGroup section */
	};
	rootObject = FA611A6F2A011B0A0080A3E4 /* Project object */;
}
